
Microsoft Visual Studio Solution File, Format Version 12.00
Project("{FAE04EC0-301F-11D3-BF4B-00C04F79EFBC}") = "AuthAPI", "AuthAPI\AuthAPI.csproj", "{DCB41362-DFF7-4A6A-8242-E4DCD374BE0E}"
EndProject
Global
	GlobalSection(SolutionConfigurationPlatforms) = preSolution
		Debug|Any CPU = Debug|Any CPU
		Release|Any CPU = Release|Any CPU
	EndGlobalSection
	GlobalSection(ProjectConfigurationPlatforms) = postSolution
		{DCB41362-DFF7-4A6A-8242-E4DCD374BE0E}.Debug|Any CPU.ActiveCfg = Debug|Any CPU
		{DCB41362-DFF7-4A6A-8242-E4DCD374BE0E}.Debug|Any CPU.Build.0 = Debug|Any CPU
		{DCB41362-DFF7-4A6A-8242-E4DCD374BE0E}.Release|Any CPU.ActiveCfg = Release|Any CPU
		{DCB41362-DFF7-4A6A-8242-E4DCD374BE0E}.Release|Any CPU.Build.0 = Release|Any CPU
	EndGlobalSection
EndGlobal
